
Microsoft Visual Studio Solution File, Format Version 12.00
# Visual Studio Version 16
VisualStudioVersion = 16.0.30225.117
MinimumVisualStudioVersion = 10.0.40219.1
Project("{FAE04EC0-301F-11D3-BF4B-00C04F79EFBC}") = "NewsCompany", "NewsPaper\NewsCompany.csproj", "{64829A29-C118-47D1-AEB6-50F8187FD74D}"
EndProject
Project("{FAE04EC0-301F-11D3-BF4B-00C04F79EFBC}") = "Store", "Seller\Store.csproj", "{311082B9-C57D-4C09-8E69-DF28F90DB407}"
	ProjectSection(ProjectDependencies) = postProject
		{64829A29-C118-47D1-AEB6-50F8187FD74D} = {64829A29-C118-47D1-AEB6-50F8187FD74D}
	EndProjectSection
EndProject
Global
	GlobalSection(SolutionConfigurationPlatforms) = preSolution
		Debug|Any CPU = Debug|Any CPU
		Release|Any CPU = Release|Any CPU
	EndGlobalSection
	GlobalSection(ProjectConfigurationPlatforms) = postSolution
		{64829A29-C118-47D1-AEB6-50F8187FD74D}.Debug|Any CPU.ActiveCfg = Debug|Any CPU
		{64829A29-C118-47D1-AEB6-50F8187FD74D}.Debug|Any CPU.Build.0 = Debug|Any CPU
		{64829A29-C118-47D1-AEB6-50F8187FD74D}.Release|Any CPU.ActiveCfg = Release|Any CPU
		{64829A29-C118-47D1-AEB6-50F8187FD74D}.Release|Any CPU.Build.0 = Release|Any CPU
		{311082B9-C57D-4C09-8E69-DF28F90DB407}.Debug|Any CPU.ActiveCfg = Debug|Any CPU
		{311082B9-C57D-4C09-8E69-DF28F90DB407}.Debug|Any CPU.Build.0 = Debug|Any CPU
		{311082B9-C57D-4C09-8E69-DF28F90DB407}.Release|Any CPU.ActiveCfg = Release|Any CPU
		{311082B9-C57D-4C09-8E69-DF28F90DB407}.Release|Any CPU.Build.0 = Release|Any CPU
	EndGlobalSection
	GlobalSection(SolutionProperties) = preSolution
		HideSolutionNode = FALSE
	EndGlobalSection
	GlobalSection(ExtensibilityGlobals) = postSolution
		SolutionGuid = {BA7C3B53-1F81-47F4-8AFA-274DCAC81725}
	EndGlobalSection
EndGlobal
